
Microsoft Visual Studio Solution File, Format Version 12.00
# Visual Studio Version 16
VisualStudioVersion = 16.0.30907.101
MinimumVisualStudioVersion = 10.0.40219.1
Project("{FAE04EC0-301F-11D3-BF4B-00C04F79EFBC}") = "EntityFrameworkCore", "EntityFrameworkCore\EntityFrameworkCore.csproj", "{C85E9CD1-3E11-4C70-9258-AD1E9B4964AB}"
EndProject
Global
	GlobalSection(SolutionConfigurationPlatforms) = preSolution
		Debug|Any CPU = Debug|Any CPU
		Release|Any CPU = Release|Any CPU
	EndGlobalSection
	GlobalSection(ProjectConfigurationPlatforms) = postSolution
		{C85E9CD1-3E11-4C70-9258-AD1E9B4964AB}.Debug|Any CPU.ActiveCfg = Debug|Any CPU
		{C85E9CD1-3E11-4C70-9258-AD1E9B4964AB}.Debug|Any CPU.Build.0 = Debug|Any CPU
		{C85E9CD1-3E11-4C70-9258-AD1E9B4964AB}.Release|Any CPU.ActiveCfg = Release|Any CPU
		{C85E9CD1-3E11-4C70-9258-AD1E9B4964AB}.Release|Any CPU.Build.0 = Release|Any CPU
	EndGlobalSection
	GlobalSection(SolutionProperties) = preSolution
		HideSolutionNode = FALSE
	EndGlobalSection
	GlobalSection(ExtensibilityGlobals) = postSolution
		SolutionGuid = {3B508DDF-7DB6-441D-9246-7C716E741298}
	EndGlobalSection
EndGlobal
